
Microsoft Visual Studio Solution File, Format Version 12.00
# Visual Studio Version 16
VisualStudioVersion = 16.0.29920.165
MinimumVisualStudioVersion = 10.0.40219.1
Project("{FAE04EC0-301F-11D3-BF4B-00C04F79EFBC}") = "CBD-PROYECTO", "CBD-PROYECTO\CBD-PROYECTO.csproj", "{1AE196FF-B9D4-409D-B83E-B70316172587}"
EndProject
Global
	GlobalSection(SolutionConfigurationPlatforms) = preSolution
		Debug|Any CPU = Debug|Any CPU
		Release|Any CPU = Release|Any CPU
	EndGlobalSection
	GlobalSection(ProjectConfigurationPlatforms) = postSolution
		{1AE196FF-B9D4-409D-B83E-B70316172587}.Debug|Any CPU.ActiveCfg = Debug|Any CPU
		{1AE196FF-B9D4-409D-B83E-B70316172587}.Debug|Any CPU.Build.0 = Debug|Any CPU
		{1AE196FF-B9D4-409D-B83E-B70316172587}.Release|Any CPU.ActiveCfg = Release|Any CPU
		{1AE196FF-B9D4-409D-B83E-B70316172587}.Release|Any CPU.Build.0 = Release|Any CPU
	EndGlobalSection
	GlobalSection(SolutionProperties) = preSolution
		HideSolutionNode = FALSE
	EndGlobalSection
	GlobalSection(ExtensibilityGlobals) = postSolution
		SolutionGuid = {2D00094C-DD22-4A6D-B76D-EFB188CF5079}
	EndGlobalSection
EndGlobal
